
Microsoft Visual Studio Solution File, Format Version 12.00
# Visual Studio 14
VisualStudioVersion = 14.0.25123.0
MinimumVisualStudioVersion = 10.0.40219.1
Project("{FAE04EC0-301F-11D3-BF4B-00C04F79EFBC}") = "MultiPanelControl", "MultiPanelControl\MultiPanelControl.csproj", "{1EB31359-E7F5-42ED-8794-49F53E1A9CF1}"
EndProject
Project("{FAE04EC0-301F-11D3-BF4B-00C04F79EFBC}") = "MultiPanelControl.Demo", "MultiPanelControl.Demo\MultiPanelControl.Demo.csproj", "{B938C016-1811-41CC-9BB5-B6E84B421B37}"
EndProject
Project("{2150E333-8FDC-42A3-9474-1A3956D46DE8}") = ".docs", ".docs", "{D457C259-1821-4DA0-86AF-819B79B6FC9E}"
	ProjectSection(SolutionItems) = preProject
		CHANGELOG.md = CHANGELOG.md
		LICENSE = LICENSE
		README.md = README.md
	EndProjectSection
EndProject
Project("{2150E333-8FDC-42A3-9474-1A3956D46DE8}") = ".files", ".files", "{093E5C75-7336-4343-BA6F-0A5C34BC7D3B}"
	ProjectSection(SolutionItems) = preProject
		.editoricon.png = .editoricon.png
		.gitignore = .gitignore
		MultiPanel.ico = MultiPanel.ico
	EndProjectSection
EndProject
Project("{2150E333-8FDC-42A3-9474-1A3956D46DE8}") = ".nuget", ".nuget", "{D5BDF846-6145-42DA-966D-4F2EFBB2827D}"
	ProjectSection(SolutionItems) = preProject
		.nuget\NuGet.Config = .nuget\NuGet.Config
		.nuget\NuGet.targets = .nuget\NuGet.targets
	EndProjectSection
EndProject
Global
	GlobalSection(SolutionConfigurationPlatforms) = preSolution
		Debug|Any CPU = Debug|Any CPU
		Release|Any CPU = Release|Any CPU
	EndGlobalSection
	GlobalSection(ProjectConfigurationPlatforms) = postSolution
		{1EB31359-E7F5-42ED-8794-49F53E1A9CF1}.Debug|Any CPU.ActiveCfg = Debug|Any CPU
		{1EB31359-E7F5-42ED-8794-49F53E1A9CF1}.Debug|Any CPU.Build.0 = Debug|Any CPU
		{1EB31359-E7F5-42ED-8794-49F53E1A9CF1}.Release|Any CPU.ActiveCfg = Release|Any CPU
		{1EB31359-E7F5-42ED-8794-49F53E1A9CF1}.Release|Any CPU.Build.0 = Release|Any CPU
		{B938C016-1811-41CC-9BB5-B6E84B421B37}.Debug|Any CPU.ActiveCfg = Debug|Any CPU
		{B938C016-1811-41CC-9BB5-B6E84B421B37}.Debug|Any CPU.Build.0 = Debug|Any CPU
		{B938C016-1811-41CC-9BB5-B6E84B421B37}.Release|Any CPU.ActiveCfg = Release|Any CPU
	EndGlobalSection
	GlobalSection(SolutionProperties) = preSolution
		HideSolutionNode = FALSE
	EndGlobalSection
EndGlobal
