
Microsoft Visual Studio Solution File, Format Version 12.00
# Visual Studio 14
VisualStudioVersion = 14.0.24720.0
MinimumVisualStudioVersion = 10.0.40219.1
Project("{FAE04EC0-301F-11D3-BF4B-00C04F79EFBC}") = "MultiPanelControl", "MultiPanelControl\MultiPanelControl.csproj", "{1EB31359-E7F5-42ED-8794-49F53E1A9CF1}"
EndProject
Project("{FAE04EC0-301F-11D3-BF4B-00C04F79EFBC}") = "MultiPanelControl.Demo", "MultiPanelControl.Demo\MultiPanelControl.Demo.csproj", "{B938C016-1811-41CC-9BB5-B6E84B421B37}"
EndProject
Global
	GlobalSection(SolutionConfigurationPlatforms) = preSolution
		Debug|Any CPU = Debug|Any CPU
		Release|Any CPU = Release|Any CPU
	EndGlobalSection
	GlobalSection(ProjectConfigurationPlatforms) = postSolution
		{1EB31359-E7F5-42ED-8794-49F53E1A9CF1}.Debug|Any CPU.ActiveCfg = Debug|Any CPU
		{1EB31359-E7F5-42ED-8794-49F53E1A9CF1}.Debug|Any CPU.Build.0 = Debug|Any CPU
		{1EB31359-E7F5-42ED-8794-49F53E1A9CF1}.Release|Any CPU.ActiveCfg = Release|Any CPU
		{1EB31359-E7F5-42ED-8794-49F53E1A9CF1}.Release|Any CPU.Build.0 = Release|Any CPU
		{B938C016-1811-41CC-9BB5-B6E84B421B37}.Debug|Any CPU.ActiveCfg = Debug|Any CPU
		{B938C016-1811-41CC-9BB5-B6E84B421B37}.Debug|Any CPU.Build.0 = Debug|Any CPU
		{B938C016-1811-41CC-9BB5-B6E84B421B37}.Release|Any CPU.ActiveCfg = Release|Any CPU
	EndGlobalSection
	GlobalSection(SolutionProperties) = preSolution
		HideSolutionNode = FALSE
	EndGlobalSection
EndGlobal
